{
  "name": "Design-Website-React",
  "version": "1.0.0",
  "lockfileVersion": 2,
  "requires": true,
  "private": true,
  "packages": {},
  "browserslist": {
    "development": [
      "last 1 chrome version",
      "last 1 firefox version",
      "last 1 safari version"
    ],
    "production": [
      ">0.2%",
      "not dead",
      "not op_mini all"
    ]
  },
  "devDependencies": {
    "react-scripts": "^5.0.1"
  },
  "engines": {
    "node": ">=18.x"
  },
  "scripts": {
    "build": "craco build",
    "eject": "craco eject",
    "start": "craco start",
    "test": "craco test --env=jsdom"
  }
}
